
Microsoft Visual Studio Solution File, Format Version 12.00
# Visual Studio 15
VisualStudioVersion = 15.0.28307.852
MinimumVisualStudioVersion = 10.0.40219.1
Project("{FAE04EC0-301F-11D3-BF4B-00C04F79EFBC}") = "TaskManager", "TaskManager\TaskManager.csproj", "{B678BD94-EFDD-41E0-9AB1-68BE2DA335BD}"
EndProject
Project("{FAE04EC0-301F-11D3-BF4B-00C04F79EFBC}") = "TaskManager.Core", "TaskManager.Core\TaskManager.Core.csproj", "{DE3DB973-2778-4587-9AA7-A4AA510566CE}"
EndProject
Global
	GlobalSection(SolutionConfigurationPlatforms) = preSolution
		Debug|Any CPU = Debug|Any CPU
		Release|Any CPU = Release|Any CPU
	EndGlobalSection
	GlobalSection(ProjectConfigurationPlatforms) = postSolution
		{B678BD94-EFDD-41E0-9AB1-68BE2DA335BD}.Debug|Any CPU.ActiveCfg = Debug|Any CPU
		{B678BD94-EFDD-41E0-9AB1-68BE2DA335BD}.Debug|Any CPU.Build.0 = Debug|Any CPU
		{B678BD94-EFDD-41E0-9AB1-68BE2DA335BD}.Release|Any CPU.ActiveCfg = Release|Any CPU
		{B678BD94-EFDD-41E0-9AB1-68BE2DA335BD}.Release|Any CPU.Build.0 = Release|Any CPU
		{DE3DB973-2778-4587-9AA7-A4AA510566CE}.Debug|Any CPU.ActiveCfg = Debug|Any CPU
		{DE3DB973-2778-4587-9AA7-A4AA510566CE}.Debug|Any CPU.Build.0 = Debug|Any CPU
		{DE3DB973-2778-4587-9AA7-A4AA510566CE}.Release|Any CPU.ActiveCfg = Release|Any CPU
		{DE3DB973-2778-4587-9AA7-A4AA510566CE}.Release|Any CPU.Build.0 = Release|Any CPU
	EndGlobalSection
	GlobalSection(SolutionProperties) = preSolution
		HideSolutionNode = FALSE
	EndGlobalSection
	GlobalSection(ExtensibilityGlobals) = postSolution
		SolutionGuid = {C321C6F1-8887-4FA8-A201-A16B64895849}
	EndGlobalSection
EndGlobal
